# This file is automatically @generated by Wally.
# It is not intended for manual editing.
registry = "test"

[[package]]
name = "admin/placement-ts"
version = "0.1.0"
dependencies = [["profile-store", "artisticvampyre/profile-store@1.0.0"]]

[[package]]
name = "artisticvampyre/profile-store"
version = "1.0.0"
dependencies = []
